
Microsoft Visual Studio Solution File, Format Version 12.00
Project("{FAE04EC0-301F-11D3-BF4B-00C04F79EFBC}") = "qwertygroup.WebApi", "qwertygroup.WebApi\qwertygroup.WebApi.csproj", "{721CE33B-3DA2-4621-AE62-03B1286D3F91}"
EndProject
Project("{FAE04EC0-301F-11D3-BF4B-00C04F79EFBC}") = "qwertygroup.Core", "qwertygroup.Core\qwertygroup.Core.csproj", "{256F09D2-56B7-459B-8F2B-B6D2D3C09112}"
EndProject
Project("{FAE04EC0-301F-11D3-BF4B-00C04F79EFBC}") = "qwertygroup.Domain", "qwertygroup.Domain\qwertygroup.Domain.csproj", "{7426C74B-AE5C-4491-A0BB-C5FE3AEE120A}"
EndProject
Project("{FAE04EC0-301F-11D3-BF4B-00C04F79EFBC}") = "qwertygroup.DataAccess", "qwertygroup.DataAccess\qwertygroup.DataAccess.csproj", "{90773A8E-E749-4BEF-A558-01478F099BE8}"
EndProject
Project("{FAE04EC0-301F-11D3-BF4B-00C04F79EFBC}") = "qwertygroup.Security", "qwertygroup.Security\qwertygroup.Security.csproj", "{28C47798-FD59-4818-919C-8BA7AC204318}"
EndProject
Project("{FAE04EC0-301F-11D3-BF4B-00C04F79EFBC}") = "qwertygroup.Core.Test", "qwertygroup.Core.Test\qwertygroup.Core.Test.csproj", "{A0523A7A-9716-4364-976A-5D414FD286E0}"
EndProject
Project("{FAE04EC0-301F-11D3-BF4B-00C04F79EFBC}") = "qwertygroup.DataAccess.Test", "qwertygroup.DataAccess.Test\qwertygroup.DataAccess.Test.csproj", "{8B791B84-B6E6-4FE1-B717-F03B1CD97193}"
EndProject
Project("{FAE04EC0-301F-11D3-BF4B-00C04F79EFBC}") = "qwertygroup.Domain.Test", "qwertygroup.Domain.Test\qwertygroup.Domain.Test.csproj", "{2395F057-42E0-41C8-8748-8C2148A4ED5E}"
EndProject
Project("{2150E333-8FDC-42A3-9474-1A3956D46DE8}") = "Core", "Core", "{372CCF19-D582-4421-A5EF-724F04CE53A9}"
EndProject
Project("{2150E333-8FDC-42A3-9474-1A3956D46DE8}") = "Infrastructure", "Infrastructure", "{70CC4394-648B-4F3A-B6D5-052B50275227}"
EndProject
Project("{2150E333-8FDC-42A3-9474-1A3956D46DE8}") = "Presentation", "Presentation", "{71DDB924-B0C8-4FC2-B7AB-01100AC53A58}"
EndProject
Project("{2150E333-8FDC-42A3-9474-1A3956D46DE8}") = "Core-Test", "Core-Test", "{D64600E6-9F66-4F41-8F88-DEBE549E33F0}"
EndProject
Project("{2150E333-8FDC-42A3-9474-1A3956D46DE8}") = "Infrastructure-Test", "Infrastructure-Test", "{0DF035AE-768E-40E4-9CBD-67D008634813}"
EndProject
Project("{FAE04EC0-301F-11D3-BF4B-00C04F79EFBC}") = "quertygroup.WebApi.Test", "quertygroup.WebApi.Test\quertygroup.WebApi.Test.csproj", "{C823EABD-9C44-4F49-8F57-C0DD38EA8462}"
EndProject
Global
	GlobalSection(SolutionConfigurationPlatforms) = preSolution
		Debug|Any CPU = Debug|Any CPU
		Release|Any CPU = Release|Any CPU
	EndGlobalSection
	GlobalSection(ProjectConfigurationPlatforms) = postSolution
		{721CE33B-3DA2-4621-AE62-03B1286D3F91}.Debug|Any CPU.ActiveCfg = Debug|Any CPU
		{721CE33B-3DA2-4621-AE62-03B1286D3F91}.Debug|Any CPU.Build.0 = Debug|Any CPU
		{721CE33B-3DA2-4621-AE62-03B1286D3F91}.Release|Any CPU.ActiveCfg = Release|Any CPU
		{721CE33B-3DA2-4621-AE62-03B1286D3F91}.Release|Any CPU.Build.0 = Release|Any CPU
		{256F09D2-56B7-459B-8F2B-B6D2D3C09112}.Debug|Any CPU.ActiveCfg = Debug|Any CPU
		{256F09D2-56B7-459B-8F2B-B6D2D3C09112}.Debug|Any CPU.Build.0 = Debug|Any CPU
		{256F09D2-56B7-459B-8F2B-B6D2D3C09112}.Release|Any CPU.ActiveCfg = Release|Any CPU
		{256F09D2-56B7-459B-8F2B-B6D2D3C09112}.Release|Any CPU.Build.0 = Release|Any CPU
		{7426C74B-AE5C-4491-A0BB-C5FE3AEE120A}.Debug|Any CPU.ActiveCfg = Debug|Any CPU
		{7426C74B-AE5C-4491-A0BB-C5FE3AEE120A}.Debug|Any CPU.Build.0 = Debug|Any CPU
		{7426C74B-AE5C-4491-A0BB-C5FE3AEE120A}.Release|Any CPU.ActiveCfg = Release|Any CPU
		{7426C74B-AE5C-4491-A0BB-C5FE3AEE120A}.Release|Any CPU.Build.0 = Release|Any CPU
		{90773A8E-E749-4BEF-A558-01478F099BE8}.Debug|Any CPU.ActiveCfg = Debug|Any CPU
		{90773A8E-E749-4BEF-A558-01478F099BE8}.Debug|Any CPU.Build.0 = Debug|Any CPU
		{90773A8E-E749-4BEF-A558-01478F099BE8}.Release|Any CPU.ActiveCfg = Release|Any CPU
		{90773A8E-E749-4BEF-A558-01478F099BE8}.Release|Any CPU.Build.0 = Release|Any CPU
		{28C47798-FD59-4818-919C-8BA7AC204318}.Debug|Any CPU.ActiveCfg = Debug|Any CPU
		{28C47798-FD59-4818-919C-8BA7AC204318}.Debug|Any CPU.Build.0 = Debug|Any CPU
		{28C47798-FD59-4818-919C-8BA7AC204318}.Release|Any CPU.ActiveCfg = Release|Any CPU
		{28C47798-FD59-4818-919C-8BA7AC204318}.Release|Any CPU.Build.0 = Release|Any CPU
		{A0523A7A-9716-4364-976A-5D414FD286E0}.Debug|Any CPU.ActiveCfg = Debug|Any CPU
		{A0523A7A-9716-4364-976A-5D414FD286E0}.Debug|Any CPU.Build.0 = Debug|Any CPU
		{A0523A7A-9716-4364-976A-5D414FD286E0}.Release|Any CPU.ActiveCfg = Release|Any CPU
		{A0523A7A-9716-4364-976A-5D414FD286E0}.Release|Any CPU.Build.0 = Release|Any CPU
		{8B791B84-B6E6-4FE1-B717-F03B1CD97193}.Debug|Any CPU.ActiveCfg = Debug|Any CPU
		{8B791B84-B6E6-4FE1-B717-F03B1CD97193}.Debug|Any CPU.Build.0 = Debug|Any CPU
		{8B791B84-B6E6-4FE1-B717-F03B1CD97193}.Release|Any CPU.ActiveCfg = Release|Any CPU
		{8B791B84-B6E6-4FE1-B717-F03B1CD97193}.Release|Any CPU.Build.0 = Release|Any CPU
		{2395F057-42E0-41C8-8748-8C2148A4ED5E}.Debug|Any CPU.ActiveCfg = Debug|Any CPU
		{2395F057-42E0-41C8-8748-8C2148A4ED5E}.Debug|Any CPU.Build.0 = Debug|Any CPU
		{2395F057-42E0-41C8-8748-8C2148A4ED5E}.Release|Any CPU.ActiveCfg = Release|Any CPU
		{2395F057-42E0-41C8-8748-8C2148A4ED5E}.Release|Any CPU.Build.0 = Release|Any CPU
		{C823EABD-9C44-4F49-8F57-C0DD38EA8462}.Debug|Any CPU.ActiveCfg = Debug|Any CPU
		{C823EABD-9C44-4F49-8F57-C0DD38EA8462}.Debug|Any CPU.Build.0 = Debug|Any CPU
		{C823EABD-9C44-4F49-8F57-C0DD38EA8462}.Release|Any CPU.ActiveCfg = Release|Any CPU
		{C823EABD-9C44-4F49-8F57-C0DD38EA8462}.Release|Any CPU.Build.0 = Release|Any CPU
	EndGlobalSection
	GlobalSection(NestedProjects) = preSolution
		{256F09D2-56B7-459B-8F2B-B6D2D3C09112} = {372CCF19-D582-4421-A5EF-724F04CE53A9}
		{7426C74B-AE5C-4491-A0BB-C5FE3AEE120A} = {372CCF19-D582-4421-A5EF-724F04CE53A9}
		{90773A8E-E749-4BEF-A558-01478F099BE8} = {70CC4394-648B-4F3A-B6D5-052B50275227}
		{8B791B84-B6E6-4FE1-B717-F03B1CD97193} = {70CC4394-648B-4F3A-B6D5-052B50275227}
		{28C47798-FD59-4818-919C-8BA7AC204318} = {70CC4394-648B-4F3A-B6D5-052B50275227}
		{721CE33B-3DA2-4621-AE62-03B1286D3F91} = {71DDB924-B0C8-4FC2-B7AB-01100AC53A58}
		{0DF035AE-768E-40E4-9CBD-67D008634813} = {70CC4394-648B-4F3A-B6D5-052B50275227}
		{2395F057-42E0-41C8-8748-8C2148A4ED5E} = {D64600E6-9F66-4F41-8F88-DEBE549E33F0}
		{A0523A7A-9716-4364-976A-5D414FD286E0} = {D64600E6-9F66-4F41-8F88-DEBE549E33F0}
		{D64600E6-9F66-4F41-8F88-DEBE549E33F0} = {372CCF19-D582-4421-A5EF-724F04CE53A9}
		{C823EABD-9C44-4F49-8F57-C0DD38EA8462} = {71DDB924-B0C8-4FC2-B7AB-01100AC53A58}
	EndGlobalSection
EndGlobal
